// !$*UTF8*$!
{
	archiveVersion = 1;
	classes = {
	};
	objectVersion = 56;
	objects = {

/* Begin PBXBuildFile section */
		DE09635429FEEBE200716928 /* User+CoreDataClass.swift in Sources */ = {isa = PBXBuildFile; fileRef = DE09635029FEEBE200716928 /* User+CoreDataClass.swift */; };
		DE09635629FEEBE200716928 /* User+CoreDataProperties.swift in Sources */ = {isa = PBXBuildFile; fileRef = DE09635229FEEBE200716928 /* User+CoreDataProperties.swift */; };
		DE09635829FEEC6400716928 /* URLSession++APITask.swift in Sources */ = {isa = PBXBuildFile; fileRef = DE09635729FEEC6400716928 /* URLSession++APITask.swift */; };
		DE09635A29FEECAA00716928 /* NetworkServices++FetchPostsServiceProtocol.swift in Sources */ = {isa = PBXBuildFile; fileRef = DE09635929FEECAA00716928 /* NetworkServices++FetchPostsServiceProtocol.swift */; };
		DE09635D29FEED1600716928 /* FetchPostsServiceProtocol.swift in Sources */ = {isa = PBXBuildFile; fileRef = DE09635C29FEED1600716928 /* FetchPostsServiceProtocol.swift */; };
		DE09636029FEEE0D00716928 /* PersistenceController++FetchPostsServiceProtocol.swift in Sources */ = {isa = PBXBuildFile; fileRef = DE09635F29FEEE0D00716928 /* PersistenceController++FetchPostsServiceProtocol.swift */; };
		DE09636229FEEEF100716928 /* DAO.swift in Sources */ = {isa = PBXBuildFile; fileRef = DE09636129FEEEF100716928 /* DAO.swift */; };
		DE09636529FEF23900716928 /* ListItem+CoreDataClass.swift in Sources */ = {isa = PBXBuildFile; fileRef = DE09636329FEF23900716928 /* ListItem+CoreDataClass.swift */; };
		DE09636629FEF23900716928 /* ListItem+CoreDataProperties.swift in Sources */ = {isa = PBXBuildFile; fileRef = DE09636429FEF23900716928 /* ListItem+CoreDataProperties.swift */; };
		DE09636929FEF2E800716928 /* PostListItemDAO.swift in Sources */ = {isa = PBXBuildFile; fileRef = DE09636829FEF2E800716928 /* PostListItemDAO.swift */; };
		DE09636B29FEF36B00716928 /* PersistPostsServiceProtocol.swift in Sources */ = {isa = PBXBuildFile; fileRef = DE09636A29FEF36B00716928 /* PersistPostsServiceProtocol.swift */; };
		DE09636D29FEF37F00716928 /* PersistenceController++PersistPostsServiceProtocol.swift in Sources */ = {isa = PBXBuildFile; fileRef = DE09636C29FEF37F00716928 /* PersistenceController++PersistPostsServiceProtocol.swift */; };
		DE1E418B29FE9ACF0057C4C3 /* PostListPageViewModel.swift in Sources */ = {isa = PBXBuildFile; fileRef = DE1E418A29FE9ACF0057C4C3 /* PostListPageViewModel.swift */; };
		DE1E418D29FE9ADA0057C4C3 /* PostListPageView.swift in Sources */ = {isa = PBXBuildFile; fileRef = DE1E418C29FE9ADA0057C4C3 /* PostListPageView.swift */; };
		DE1E419029FE9B930057C4C3 /* PostView.swift in Sources */ = {isa = PBXBuildFile; fileRef = DE1E418F29FE9B930057C4C3 /* PostView.swift */; };
		DE2F70AF2A0010FF00F4F263 /* TitleValueFormRow.swift in Sources */ = {isa = PBXBuildFile; fileRef = DE2F70AE2A0010FF00F4F263 /* TitleValueFormRow.swift */; };
		DE2F70B22A00116B00F4F263 /* RoundedBorderModifier.swift in Sources */ = {isa = PBXBuildFile; fileRef = DE2F70B12A00116B00F4F263 /* RoundedBorderModifier.swift */; };
		DE2F70B42A0011D800F4F263 /* OpacityAnimationModifier.swift in Sources */ = {isa = PBXBuildFile; fileRef = DE2F70B32A0011D800F4F263 /* OpacityAnimationModifier.swift */; };
		DE2F70B62A00124B00F4F263 /* TitleTextModifier.swift in Sources */ = {isa = PBXBuildFile; fileRef = DE2F70B52A00124B00F4F263 /* TitleTextModifier.swift */; };
		DE2F70B82A00128600F4F263 /* BodyTextModifier.swift in Sources */ = {isa = PBXBuildFile; fileRef = DE2F70B72A00128600F4F263 /* BodyTextModifier.swift */; };
		DE2F70BD2A00142700F4F263 /* MessageQueue.swift in Sources */ = {isa = PBXBuildFile; fileRef = DE2F70BC2A00142700F4F263 /* MessageQueue.swift */; };
		DE2F70BF2A00149400F4F263 /* PersistPostIDService.swift in Sources */ = {isa = PBXBuildFile; fileRef = DE2F70BE2A00149400F4F263 /* PersistPostIDService.swift */; };
		DE2F70C12A0014FA00F4F263 /* MessageQueue++PersistPostIDServiceProtocol.swift in Sources */ = {isa = PBXBuildFile; fileRef = DE2F70C02A0014FA00F4F263 /* MessageQueue++PersistPostIDServiceProtocol.swift */; };
		DE5B142529FE5C4500C56594 /* Bama_ChallangeApp.swift in Sources */ = {isa = PBXBuildFile; fileRef = DE5B142429FE5C4500C56594 /* Bama_ChallangeApp.swift */; };
		DE5B142729FE5C4500C56594 /* Persistence.swift in Sources */ = {isa = PBXBuildFile; fileRef = DE5B142629FE5C4500C56594 /* Persistence.swift */; };
		DE5B142A29FE5C4500C56594 /* Bama_Challange.xcdatamodeld in Sources */ = {isa = PBXBuildFile; fileRef = DE5B142829FE5C4500C56594 /* Bama_Challange.xcdatamodeld */; };
		DE5B142E29FE5C4600C56594 /* Assets.xcassets in Resources */ = {isa = PBXBuildFile; fileRef = DE5B142D29FE5C4600C56594 /* Assets.xcassets */; };
		DE5B143229FE5C4600C56594 /* Preview Assets.xcassets in Resources */ = {isa = PBXBuildFile; fileRef = DE5B143129FE5C4600C56594 /* Preview Assets.xcassets */; };
		DE5B143C29FE5C4600C56594 /* Bama_ChallangeTests.swift in Sources */ = {isa = PBXBuildFile; fileRef = DE5B143B29FE5C4600C56594 /* Bama_ChallangeTests.swift */; };
		DE5B144629FE5C4600C56594 /* Bama_ChallangeUITests.swift in Sources */ = {isa = PBXBuildFile; fileRef = DE5B144529FE5C4600C56594 /* Bama_ChallangeUITests.swift */; };
		DE5B144829FE5C4600C56594 /* Bama_ChallangeUITestsLaunchTests.swift in Sources */ = {isa = PBXBuildFile; fileRef = DE5B144729FE5C4600C56594 /* Bama_ChallangeUITestsLaunchTests.swift */; };
		DE8736672A017C0900FDA29F /* FetchUserListService.swift in Sources */ = {isa = PBXBuildFile; fileRef = DE8736662A017C0900FDA29F /* FetchUserListService.swift */; };
		DE8736692A017CB900FDA29F /* UserModel.swift in Sources */ = {isa = PBXBuildFile; fileRef = DE8736682A017CB900FDA29F /* UserModel.swift */; };
		DE87366B2A017CE100FDA29F /* AddressEntity.swift in Sources */ = {isa = PBXBuildFile; fileRef = DE87366A2A017CE100FDA29F /* AddressEntity.swift */; };
		DE87366D2A017D0000FDA29F /* GeoEntity.swift in Sources */ = {isa = PBXBuildFile; fileRef = DE87366C2A017D0000FDA29F /* GeoEntity.swift */; };
		DE87366F2A017D1500FDA29F /* CompanyEntity.swift in Sources */ = {isa = PBXBuildFile; fileRef = DE87366E2A017D1500FDA29F /* CompanyEntity.swift */; };
		DE8FAE2529FE9F45009D0469 /* TapPostItemUseCase.swift in Sources */ = {isa = PBXBuildFile; fileRef = DE8FAE2429FE9F45009D0469 /* TapPostItemUseCase.swift */; };
		DE8FAE2729FEA0FC009D0469 /* FetchPostsUseCase.swift in Sources */ = {isa = PBXBuildFile; fileRef = DE8FAE2629FEA0FC009D0469 /* FetchPostsUseCase.swift */; };
		DE8FAE2A29FEA331009D0469 /* Dependencies in Frameworks */ = {isa = PBXBuildFile; productRef = DE8FAE2929FEA331009D0469 /* Dependencies */; };
		DE8FAE2C29FEA45A009D0469 /* PostListItem.swift in Sources */ = {isa = PBXBuildFile; fileRef = DE8FAE2B29FEA45A009D0469 /* PostListItem.swift */; };
		DE8FAE3029FEA715009D0469 /* NavigationService.swift in Sources */ = {isa = PBXBuildFile; fileRef = DE8FAE2F29FEA715009D0469 /* NavigationService.swift */; };
		DE8FAE3329FEAA95009D0469 /* NetworkServices.swift in Sources */ = {isa = PBXBuildFile; fileRef = DE8FAE3129FEAA95009D0469 /* NetworkServices.swift */; };
		DE8FAE3C29FEAAA7009D0469 /* StatusCode.swift in Sources */ = {isa = PBXBuildFile; fileRef = DE8FAE3629FEAAA7009D0469 /* StatusCode.swift */; };
		DE8FAE3D29FEAAA7009D0469 /* GateWays.swift in Sources */ = {isa = PBXBuildFile; fileRef = DE8FAE3729FEAAA7009D0469 /* GateWays.swift */; };
		DE8FAE3F29FEAAA7009D0469 /* HTTPMethod.swift in Sources */ = {isa = PBXBuildFile; fileRef = DE8FAE3929FEAAA7009D0469 /* HTTPMethod.swift */; };
		DE8FAE4029FEAAA7009D0469 /* API.swift in Sources */ = {isa = PBXBuildFile; fileRef = DE8FAE3A29FEAAA7009D0469 /* API.swift */; };
		DE8FAE4129FEAAA7009D0469 /* NetworkError.swift in Sources */ = {isa = PBXBuildFile; fileRef = DE8FAE3B29FEAAA7009D0469 /* NetworkError.swift */; };
		DE8FAE4329FEAC34009D0469 /* FetchPostsRepository.swift in Sources */ = {isa = PBXBuildFile; fileRef = DE8FAE4229FEAC34009D0469 /* FetchPostsRepository.swift */; };
		DEE1D31129FFB7EB00B4BBC7 /* PostDetailPageViewModel.swift in Sources */ = {isa = PBXBuildFile; fileRef = DEE1D31029FFB7EB00B4BBC7 /* PostDetailPageViewModel.swift */; };
		DEE1D31329FFB7F200B4BBC7 /* PostDetailPageView.swift in Sources */ = {isa = PBXBuildFile; fileRef = DEE1D31229FFB7F200B4BBC7 /* PostDetailPageView.swift */; };
		DEEE95C129FE69C40061177C /* TabPage.swift in Sources */ = {isa = PBXBuildFile; fileRef = DEEE95C029FE69C40061177C /* TabPage.swift */; };
/* End PBXBuildFile section */

/* Begin PBXContainerItemProxy section */
		DE5B143829FE5C4600C56594 /* PBXContainerItemProxy */ = {
			isa = PBXContainerItemProxy;
			containerPortal = DE5B141929FE5C4500C56594 /* Project object */;
			proxyType = 1;
			remoteGlobalIDString = DE5B142029FE5C4500C56594;
			remoteInfo = "Bama-Challange";
		};
		DE5B144229FE5C4600C56594 /* PBXContainerItemProxy */ = {
			isa = PBXContainerItemProxy;
			containerPortal = DE5B141929FE5C4500C56594 /* Project object */;
			proxyType = 1;
			remoteGlobalIDString = DE5B142029FE5C4500C56594;
			remoteInfo = "Bama-Challange";
		};
/* End PBXContainerItemProxy section */

/* Begin PBXFileReference section */
		DE09635029FEEBE200716928 /* User+CoreDataClass.swift */ = {isa = PBXFileReference; fileEncoding = 4; lastKnownFileType = sourcecode.swift; path = "User+CoreDataClass.swift"; sourceTree = "<group>"; };
		DE09635229FEEBE200716928 /* User+CoreDataProperties.swift */ = {isa = PBXFileReference; fileEncoding = 4; lastKnownFileType = sourcecode.swift; path = "User+CoreDataProperties.swift"; sourceTree = "<group>"; };
		DE09635729FEEC6400716928 /* URLSession++APITask.swift */ = {isa = PBXFileReference; fileEncoding = 4; lastKnownFileType = sourcecode.swift; path = "URLSession++APITask.swift"; sourceTree = "<group>"; };
		DE09635929FEECAA00716928 /* NetworkServices++FetchPostsServiceProtocol.swift */ = {isa = PBXFileReference; fileEncoding = 4; lastKnownFileType = sourcecode.swift; path = "NetworkServices++FetchPostsServiceProtocol.swift"; sourceTree = "<group>"; };
		DE09635C29FEED1600716928 /* FetchPostsServiceProtocol.swift */ = {isa = PBXFileReference; lastKnownFileType = sourcecode.swift; path = FetchPostsServiceProtocol.swift; sourceTree = "<group>"; };
		DE09635F29FEEE0D00716928 /* PersistenceController++FetchPostsServiceProtocol.swift */ = {isa = PBXFileReference; lastKnownFileType = sourcecode.swift; path = "PersistenceController++FetchPostsServiceProtocol.swift"; sourceTree = "<group>"; };
		DE09636129FEEEF100716928 /* DAO.swift */ = {isa = PBXFileReference; lastKnownFileType = sourcecode.swift; path = DAO.swift; sourceTree = "<group>"; };
		DE09636329FEF23900716928 /* ListItem+CoreDataClass.swift */ = {isa = PBXFileReference; lastKnownFileType = sourcecode.swift; path = "ListItem+CoreDataClass.swift"; sourceTree = "<group>"; };
		DE09636429FEF23900716928 /* ListItem+CoreDataProperties.swift */ = {isa = PBXFileReference; lastKnownFileType = sourcecode.swift; path = "ListItem+CoreDataProperties.swift"; sourceTree = "<group>"; };
		DE09636829FEF2E800716928 /* PostListItemDAO.swift */ = {isa = PBXFileReference; lastKnownFileType = sourcecode.swift; path = PostListItemDAO.swift; sourceTree = "<group>"; };
		DE09636A29FEF36B00716928 /* PersistPostsServiceProtocol.swift */ = {isa = PBXFileReference; lastKnownFileType = sourcecode.swift; path = PersistPostsServiceProtocol.swift; sourceTree = "<group>"; };
		DE09636C29FEF37F00716928 /* PersistenceController++PersistPostsServiceProtocol.swift */ = {isa = PBXFileReference; lastKnownFileType = sourcecode.swift; path = "PersistenceController++PersistPostsServiceProtocol.swift"; sourceTree = "<group>"; };
		DE1E418A29FE9ACF0057C4C3 /* PostListPageViewModel.swift */ = {isa = PBXFileReference; lastKnownFileType = sourcecode.swift; path = PostListPageViewModel.swift; sourceTree = "<group>"; };
		DE1E418C29FE9ADA0057C4C3 /* PostListPageView.swift */ = {isa = PBXFileReference; lastKnownFileType = sourcecode.swift; path = PostListPageView.swift; sourceTree = "<group>"; };
		DE1E418F29FE9B930057C4C3 /* PostView.swift */ = {isa = PBXFileReference; lastKnownFileType = sourcecode.swift; path = PostView.swift; sourceTree = "<group>"; };
		DE2F70AE2A0010FF00F4F263 /* TitleValueFormRow.swift */ = {isa = PBXFileReference; lastKnownFileType = sourcecode.swift; path = TitleValueFormRow.swift; sourceTree = "<group>"; };
		DE2F70B12A00116B00F4F263 /* RoundedBorderModifier.swift */ = {isa = PBXFileReference; lastKnownFileType = sourcecode.swift; path = RoundedBorderModifier.swift; sourceTree = "<group>"; };
		DE2F70B32A0011D800F4F263 /* OpacityAnimationModifier.swift */ = {isa = PBXFileReference; lastKnownFileType = sourcecode.swift; path = OpacityAnimationModifier.swift; sourceTree = "<group>"; };
		DE2F70B52A00124B00F4F263 /* TitleTextModifier.swift */ = {isa = PBXFileReference; lastKnownFileType = sourcecode.swift; path = TitleTextModifier.swift; sourceTree = "<group>"; };
		DE2F70B72A00128600F4F263 /* BodyTextModifier.swift */ = {isa = PBXFileReference; lastKnownFileType = sourcecode.swift; path = BodyTextModifier.swift; sourceTree = "<group>"; };
		DE2F70BC2A00142700F4F263 /* MessageQueue.swift */ = {isa = PBXFileReference; lastKnownFileType = sourcecode.swift; path = MessageQueue.swift; sourceTree = "<group>"; };
		DE2F70BE2A00149400F4F263 /* PersistPostIDService.swift */ = {isa = PBXFileReference; lastKnownFileType = sourcecode.swift; path = PersistPostIDService.swift; sourceTree = "<group>"; };
		DE2F70C02A0014FA00F4F263 /* MessageQueue++PersistPostIDServiceProtocol.swift */ = {isa = PBXFileReference; lastKnownFileType = sourcecode.swift; path = "MessageQueue++PersistPostIDServiceProtocol.swift"; sourceTree = "<group>"; };
		DE5B142129FE5C4500C56594 /* Bama-Challange.app */ = {isa = PBXFileReference; explicitFileType = wrapper.application; includeInIndex = 0; path = "Bama-Challange.app"; sourceTree = BUILT_PRODUCTS_DIR; };
		DE5B142429FE5C4500C56594 /* Bama_ChallangeApp.swift */ = {isa = PBXFileReference; lastKnownFileType = sourcecode.swift; path = Bama_ChallangeApp.swift; sourceTree = "<group>"; };
		DE5B142629FE5C4500C56594 /* Persistence.swift */ = {isa = PBXFileReference; lastKnownFileType = sourcecode.swift; path = Persistence.swift; sourceTree = "<group>"; };
		DE5B142929FE5C4500C56594 /* Bama_Challange.xcdatamodel */ = {isa = PBXFileReference; lastKnownFileType = wrapper.xcdatamodel; path = Bama_Challange.xcdatamodel; sourceTree = "<group>"; };
		DE5B142D29FE5C4600C56594 /* Assets.xcassets */ = {isa = PBXFileReference; lastKnownFileType = folder.assetcatalog; path = Assets.xcassets; sourceTree = "<group>"; };
		DE5B142F29FE5C4600C56594 /* Bama_Challange.entitlements */ = {isa = PBXFileReference; lastKnownFileType = text.plist.entitlements; path = Bama_Challange.entitlements; sourceTree = "<group>"; };
		DE5B143129FE5C4600C56594 /* Preview Assets.xcassets */ = {isa = PBXFileReference; lastKnownFileType = folder.assetcatalog; path = "Preview Assets.xcassets"; sourceTree = "<group>"; };
		DE5B143729FE5C4600C56594 /* Bama-ChallangeTests.xctest */ = {isa = PBXFileReference; explicitFileType = wrapper.cfbundle; includeInIndex = 0; path = "Bama-ChallangeTests.xctest"; sourceTree = BUILT_PRODUCTS_DIR; };
		DE5B143B29FE5C4600C56594 /* Bama_ChallangeTests.swift */ = {isa = PBXFileReference; lastKnownFileType = sourcecode.swift; path = Bama_ChallangeTests.swift; sourceTree = "<group>"; };
		DE5B144129FE5C4600C56594 /* Bama-ChallangeUITests.xctest */ = {isa = PBXFileReference; explicitFileType = wrapper.cfbundle; includeInIndex = 0; path = "Bama-ChallangeUITests.xctest"; sourceTree = BUILT_PRODUCTS_DIR; };
		DE5B144529FE5C4600C56594 /* Bama_ChallangeUITests.swift */ = {isa = PBXFileReference; lastKnownFileType = sourcecode.swift; path = Bama_ChallangeUITests.swift; sourceTree = "<group>"; };
		DE5B144729FE5C4600C56594 /* Bama_ChallangeUITestsLaunchTests.swift */ = {isa = PBXFileReference; lastKnownFileType = sourcecode.swift; path = Bama_ChallangeUITestsLaunchTests.swift; sourceTree = "<group>"; };
		DE8736662A017C0900FDA29F /* FetchUserListService.swift */ = {isa = PBXFileReference; lastKnownFileType = sourcecode.swift; path = FetchUserListService.swift; sourceTree = "<group>"; };
		DE8736682A017CB900FDA29F /* UserModel.swift */ = {isa = PBXFileReference; lastKnownFileType = sourcecode.swift; path = UserModel.swift; sourceTree = "<group>"; };
		DE87366A2A017CE100FDA29F /* AddressEntity.swift */ = {isa = PBXFileReference; lastKnownFileType = sourcecode.swift; path = AddressEntity.swift; sourceTree = "<group>"; };
		DE87366C2A017D0000FDA29F /* GeoEntity.swift */ = {isa = PBXFileReference; lastKnownFileType = sourcecode.swift; path = GeoEntity.swift; sourceTree = "<group>"; };
		DE87366E2A017D1500FDA29F /* CompanyEntity.swift */ = {isa = PBXFileReference; lastKnownFileType = sourcecode.swift; path = CompanyEntity.swift; sourceTree = "<group>"; };
		DE8FAE2429FE9F45009D0469 /* TapPostItemUseCase.swift */ = {isa = PBXFileReference; lastKnownFileType = sourcecode.swift; path = TapPostItemUseCase.swift; sourceTree = "<group>"; };
		DE8FAE2629FEA0FC009D0469 /* FetchPostsUseCase.swift */ = {isa = PBXFileReference; lastKnownFileType = sourcecode.swift; path = FetchPostsUseCase.swift; sourceTree = "<group>"; };
		DE8FAE2B29FEA45A009D0469 /* PostListItem.swift */ = {isa = PBXFileReference; lastKnownFileType = sourcecode.swift; path = PostListItem.swift; sourceTree = "<group>"; };
		DE8FAE2F29FEA715009D0469 /* NavigationService.swift */ = {isa = PBXFileReference; lastKnownFileType = sourcecode.swift; path = NavigationService.swift; sourceTree = "<group>"; };
		DE8FAE3129FEAA95009D0469 /* NetworkServices.swift */ = {isa = PBXFileReference; fileEncoding = 4; lastKnownFileType = sourcecode.swift; path = NetworkServices.swift; sourceTree = "<group>"; };
		DE8FAE3629FEAAA7009D0469 /* StatusCode.swift */ = {isa = PBXFileReference; fileEncoding = 4; lastKnownFileType = sourcecode.swift; path = StatusCode.swift; sourceTree = "<group>"; };
		DE8FAE3729FEAAA7009D0469 /* GateWays.swift */ = {isa = PBXFileReference; fileEncoding = 4; lastKnownFileType = sourcecode.swift; path = GateWays.swift; sourceTree = "<group>"; };
		DE8FAE3929FEAAA7009D0469 /* HTTPMethod.swift */ = {isa = PBXFileReference; fileEncoding = 4; lastKnownFileType = sourcecode.swift; path = HTTPMethod.swift; sourceTree = "<group>"; };
		DE8FAE3A29FEAAA7009D0469 /* API.swift */ = {isa = PBXFileReference; fileEncoding = 4; lastKnownFileType = sourcecode.swift; path = API.swift; sourceTree = "<group>"; };
		DE8FAE3B29FEAAA7009D0469 /* NetworkError.swift */ = {isa = PBXFileReference; fileEncoding = 4; lastKnownFileType = sourcecode.swift; path = NetworkError.swift; sourceTree = "<group>"; };
		DE8FAE4229FEAC34009D0469 /* FetchPostsRepository.swift */ = {isa = PBXFileReference; lastKnownFileType = sourcecode.swift; path = FetchPostsRepository.swift; sourceTree = "<group>"; };
		DEE1D31029FFB7EB00B4BBC7 /* PostDetailPageViewModel.swift */ = {isa = PBXFileReference; lastKnownFileType = sourcecode.swift; path = PostDetailPageViewModel.swift; sourceTree = "<group>"; };
		DEE1D31229FFB7F200B4BBC7 /* PostDetailPageView.swift */ = {isa = PBXFileReference; lastKnownFileType = sourcecode.swift; path = PostDetailPageView.swift; sourceTree = "<group>"; };
		DEEE95C029FE69C40061177C /* TabPage.swift */ = {isa = PBXFileReference; lastKnownFileType = sourcecode.swift; path = TabPage.swift; sourceTree = "<group>"; };
/* End PBXFileReference section */

/* Begin PBXFrameworksBuildPhase section */
		DE5B141E29FE5C4500C56594 /* Frameworks */ = {
			isa = PBXFrameworksBuildPhase;
			buildActionMask = 2147483647;
			files = (
				DE8FAE2A29FEA331009D0469 /* Dependencies in Frameworks */,
			);
			runOnlyForDeploymentPostprocessing = 0;
		};
		DE5B143429FE5C4600C56594 /* Frameworks */ = {
			isa = PBXFrameworksBuildPhase;
			buildActionMask = 2147483647;
			files = (
			);
			runOnlyForDeploymentPostprocessing = 0;
		};
		DE5B143E29FE5C4600C56594 /* Frameworks */ = {
			isa = PBXFrameworksBuildPhase;
			buildActionMask = 2147483647;
			files = (
			);
			runOnlyForDeploymentPostprocessing = 0;
		};
/* End PBXFrameworksBuildPhase section */

/* Begin PBXGroup section */
		DE09634B29FEE57800716928 /* DataLayer */ = {
			isa = PBXGroup;
			children = (
				DE09635B29FEECC500716928 /* Services */,
				DEEE95BC29FE66340061177C /* Repositories */,
				DE09634C29FEE99D00716928 /* DataSources */,
				DE09636129FEEEF100716928 /* DAO.swift */,
			);
			path = DataLayer;
			sourceTree = "<group>";
		};
		DE09634C29FEE99D00716928 /* DataSources */ = {
			isa = PBXGroup;
			children = (
				DE2F70BB2A00141200F4F263 /* MessageQueue */,
				DEEE95BD29FE66400061177C /* Network */,
				DEEE95BE29FE66820061177C /* Persistence */,
			);
			path = DataSources;
			sourceTree = "<group>";
		};
		DE09635B29FEECC500716928 /* Services */ = {
			isa = PBXGroup;
			children = (
				DE09635C29FEED1600716928 /* FetchPostsServiceProtocol.swift */,
				DE09636A29FEF36B00716928 /* PersistPostsServiceProtocol.swift */,
				DE2F70BE2A00149400F4F263 /* PersistPostIDService.swift */,
				DE8736662A017C0900FDA29F /* FetchUserListService.swift */,
			);
			path = Services;
			sourceTree = "<group>";
		};
		DE09635E29FEEDE900716928 /* Entities */ = {
			isa = PBXGroup;
			children = (
				DE09636329FEF23900716928 /* ListItem+CoreDataClass.swift */,
				DE09636429FEF23900716928 /* ListItem+CoreDataProperties.swift */,
				DE09635029FEEBE200716928 /* User+CoreDataClass.swift */,
				DE09635229FEEBE200716928 /* User+CoreDataProperties.swift */,
			);
			path = Entities;
			sourceTree = "<group>";
		};
		DE09636729FEF2E100716928 /* DAOs */ = {
			isa = PBXGroup;
			children = (
				DE09636829FEF2E800716928 /* PostListItemDAO.swift */,
			);
			path = DAOs;
			sourceTree = "<group>";
		};
		DE1E418929FE9AB70057C4C3 /* PostListPage */ = {
			isa = PBXGroup;
			children = (
				DE1E418A29FE9ACF0057C4C3 /* PostListPageViewModel.swift */,
				DE1E418C29FE9ADA0057C4C3 /* PostListPageView.swift */,
			);
			path = PostListPage;
			sourceTree = "<group>";
		};
		DE1E418E29FE9B6E0057C4C3 /* SubViews */ = {
			isa = PBXGroup;
			children = (
				DE1E418F29FE9B930057C4C3 /* PostView.swift */,
				DE2F70AE2A0010FF00F4F263 /* TitleValueFormRow.swift */,
			);
			path = SubViews;
			sourceTree = "<group>";
		};
		DE2F70B02A00114B00F4F263 /* Modifiers */ = {
			isa = PBXGroup;
			children = (
				DE2F70B12A00116B00F4F263 /* RoundedBorderModifier.swift */,
				DE2F70B32A0011D800F4F263 /* OpacityAnimationModifier.swift */,
				DE2F70B52A00124B00F4F263 /* TitleTextModifier.swift */,
				DE2F70B72A00128600F4F263 /* BodyTextModifier.swift */,
			);
			path = Modifiers;
			sourceTree = "<group>";
		};
		DE2F70B92A0012E400F4F263 /* Pages */ = {
			isa = PBXGroup;
			children = (
				DEE1D30F29FFB7DA00B4BBC7 /* PostDetailPage */,
				DE1E418929FE9AB70057C4C3 /* PostListPage */,
				DEEE95BF29FE69AE0061177C /* TabPage */,
			);
			path = Pages;
			sourceTree = "<group>";
		};
		DE2F70BA2A0012EE00F4F263 /* Components */ = {
			isa = PBXGroup;
			children = (
				DE2F70B02A00114B00F4F263 /* Modifiers */,
				DE1E418E29FE9B6E0057C4C3 /* SubViews */,
			);
			path = Components;
			sourceTree = "<group>";
		};
		DE2F70BB2A00141200F4F263 /* MessageQueue */ = {
			isa = PBXGroup;
			children = (
				DE2F70BC2A00142700F4F263 /* MessageQueue.swift */,
				DE2F70C02A0014FA00F4F263 /* MessageQueue++PersistPostIDServiceProtocol.swift */,
			);
			path = MessageQueue;
			sourceTree = "<group>";
		};
		DE5B141829FE5C4500C56594 = {
			isa = PBXGroup;
			children = (
				DE5B142329FE5C4500C56594 /* Bama-Challange */,
				DE5B143A29FE5C4600C56594 /* Bama-ChallangeTests */,
				DE5B144429FE5C4600C56594 /* Bama-ChallangeUITests */,
				DE5B142229FE5C4500C56594 /* Products */,
			);
			sourceTree = "<group>";
		};
		DE5B142229FE5C4500C56594 /* Products */ = {
			isa = PBXGroup;
			children = (
				DE5B142129FE5C4500C56594 /* Bama-Challange.app */,
				DE5B143729FE5C4600C56594 /* Bama-ChallangeTests.xctest */,
				DE5B144129FE5C4600C56594 /* Bama-ChallangeUITests.xctest */,
			);
			name = Products;
			sourceTree = "<group>";
		};
		DE5B142329FE5C4500C56594 /* Bama-Challange */ = {
			isa = PBXGroup;
			children = (
				DE09634B29FEE57800716928 /* DataLayer */,
				DEEE95BB29FE662F0061177C /* UseCases */,
				DEEE95BA29FE66110061177C /* Presentation */,
				DEEE95B929FE66010061177C /* Entities */,
				DE5B142429FE5C4500C56594 /* Bama_ChallangeApp.swift */,
				DE5B142D29FE5C4600C56594 /* Assets.xcassets */,
				DE5B142F29FE5C4600C56594 /* Bama_Challange.entitlements */,
				DE5B142829FE5C4500C56594 /* Bama_Challange.xcdatamodeld */,
				DE5B143029FE5C4600C56594 /* Preview Content */,
			);
			path = "Bama-Challange";
			sourceTree = "<group>";
		};
		DE5B143029FE5C4600C56594 /* Preview Content */ = {
			isa = PBXGroup;
			children = (
				DE5B143129FE5C4600C56594 /* Preview Assets.xcassets */,
			);
			path = "Preview Content";
			sourceTree = "<group>";
		};
		DE5B143A29FE5C4600C56594 /* Bama-ChallangeTests */ = {
			isa = PBXGroup;
			children = (
				DE5B143B29FE5C4600C56594 /* Bama_ChallangeTests.swift */,
			);
			path = "Bama-ChallangeTests";
			sourceTree = "<group>";
		};
		DE5B144429FE5C4600C56594 /* Bama-ChallangeUITests */ = {
			isa = PBXGroup;
			children = (
				DE5B144529FE5C4600C56594 /* Bama_ChallangeUITests.swift */,
				DE5B144729FE5C4600C56594 /* Bama_ChallangeUITestsLaunchTests.swift */,
			);
			path = "Bama-ChallangeUITests";
			sourceTree = "<group>";
		};
		DE8FAE2E29FEA6F4009D0469 /* Navigation */ = {
			isa = PBXGroup;
			children = (
				DE8FAE2F29FEA715009D0469 /* NavigationService.swift */,
			);
			path = Navigation;
			sourceTree = "<group>";
		};
		DE8FAE3529FEAAA7009D0469 /* Utils */ = {
			isa = PBXGroup;
			children = (
				DE8FAE3629FEAAA7009D0469 /* StatusCode.swift */,
				DE8FAE3729FEAAA7009D0469 /* GateWays.swift */,
				DE8FAE3929FEAAA7009D0469 /* HTTPMethod.swift */,
				DE09635729FEEC6400716928 /* URLSession++APITask.swift */,
				DE8FAE3A29FEAAA7009D0469 /* API.swift */,
				DE8FAE3B29FEAAA7009D0469 /* NetworkError.swift */,
			);
			path = Utils;
			sourceTree = "<group>";
		};
		DEE1D30F29FFB7DA00B4BBC7 /* PostDetailPage */ = {
			isa = PBXGroup;
			children = (
				DEE1D31029FFB7EB00B4BBC7 /* PostDetailPageViewModel.swift */,
				DEE1D31229FFB7F200B4BBC7 /* PostDetailPageView.swift */,
			);
			path = PostDetailPage;
			sourceTree = "<group>";
		};
		DEEE95B929FE66010061177C /* Entities */ = {
			isa = PBXGroup;
			children = (
				DE8FAE2B29FEA45A009D0469 /* PostListItem.swift */,
				DE8736682A017CB900FDA29F /* UserModel.swift */,
				DE87366A2A017CE100FDA29F /* AddressEntity.swift */,
				DE87366C2A017D0000FDA29F /* GeoEntity.swift */,
				DE87366E2A017D1500FDA29F /* CompanyEntity.swift */,
			);
			path = Entities;
			sourceTree = "<group>";
		};
		DEEE95BA29FE66110061177C /* Presentation */ = {
			isa = PBXGroup;
			children = (
				DE2F70BA2A0012EE00F4F263 /* Components */,
				DE2F70B92A0012E400F4F263 /* Pages */,
				DE8FAE2E29FEA6F4009D0469 /* Navigation */,
			);
			path = Presentation;
			sourceTree = "<group>";
		};
		DEEE95BB29FE662F0061177C /* UseCases */ = {
			isa = PBXGroup;
			children = (
				DE8FAE2429FE9F45009D0469 /* TapPostItemUseCase.swift */,
				DE8FAE2629FEA0FC009D0469 /* FetchPostsUseCase.swift */,
			);
			path = UseCases;
			sourceTree = "<group>";
		};
		DEEE95BC29FE66340061177C /* Repositories */ = {
			isa = PBXGroup;
			children = (
				DE8FAE4229FEAC34009D0469 /* FetchPostsRepository.swift */,
			);
			path = Repositories;
			sourceTree = "<group>";
		};
		DEEE95BD29FE66400061177C /* Network */ = {
			isa = PBXGroup;
			children = (
				DE8FAE3529FEAAA7009D0469 /* Utils */,
				DE09635929FEECAA00716928 /* NetworkServices++FetchPostsServiceProtocol.swift */,
				DE8FAE3129FEAA95009D0469 /* NetworkServices.swift */,
			);
			path = Network;
			sourceTree = "<group>";
		};
		DEEE95BE29FE66820061177C /* Persistence */ = {
			isa = PBXGroup;
			children = (
				DE09636729FEF2E100716928 /* DAOs */,
				DE09635E29FEEDE900716928 /* Entities */,
				DE5B142629FE5C4500C56594 /* Persistence.swift */,
				DE09635F29FEEE0D00716928 /* PersistenceController++FetchPostsServiceProtocol.swift */,
				DE09636C29FEF37F00716928 /* PersistenceController++PersistPostsServiceProtocol.swift */,
			);
			path = Persistence;
			sourceTree = "<group>";
		};
		DEEE95BF29FE69AE0061177C /* TabPage */ = {
			isa = PBXGroup;
			children = (
				DEEE95C029FE69C40061177C /* TabPage.swift */,
			);
			path = TabPage;
			sourceTree = "<group>";
		};
/* End PBXGroup section */

/* Begin PBXNativeTarget section */
		DE5B142029FE5C4500C56594 /* Bama-Challange */ = {
			isa = PBXNativeTarget;
			buildConfigurationList = DE5B144B29FE5C4600C56594 /* Build configuration list for PBXNativeTarget "Bama-Challange" */;
			buildPhases = (
				DE5B141D29FE5C4500C56594 /* Sources */,
				DE5B141E29FE5C4500C56594 /* Frameworks */,
				DE5B141F29FE5C4500C56594 /* Resources */,
			);
			buildRules = (
			);
			dependencies = (
			);
			name = "Bama-Challange";
			packageProductDependencies = (
				DE8FAE2929FEA331009D0469 /* Dependencies */,
			);
			productName = "Bama-Challange";
			productReference = DE5B142129FE5C4500C56594 /* Bama-Challange.app */;
			productType = "com.apple.product-type.application";
		};
		DE5B143629FE5C4600C56594 /* Bama-ChallangeTests */ = {
			isa = PBXNativeTarget;
			buildConfigurationList = DE5B144E29FE5C4600C56594 /* Build configuration list for PBXNativeTarget "Bama-ChallangeTests" */;
			buildPhases = (
				DE5B143329FE5C4600C56594 /* Sources */,
				DE5B143429FE5C4600C56594 /* Frameworks */,
				DE5B143529FE5C4600C56594 /* Resources */,
			);
			buildRules = (
			);
			dependencies = (
				DE5B143929FE5C4600C56594 /* PBXTargetDependency */,
			);
			name = "Bama-ChallangeTests";
			productName = "Bama-ChallangeTests";
			productReference = DE5B143729FE5C4600C56594 /* Bama-ChallangeTests.xctest */;
			productType = "com.apple.product-type.bundle.unit-test";
		};
		DE5B144029FE5C4600C56594 /* Bama-ChallangeUITests */ = {
			isa = PBXNativeTarget;
			buildConfigurationList = DE5B145129FE5C4600C56594 /* Build configuration list for PBXNativeTarget "Bama-ChallangeUITests" */;
			buildPhases = (
				DE5B143D29FE5C4600C56594 /* Sources */,
				DE5B143E29FE5C4600C56594 /* Frameworks */,
				DE5B143F29FE5C4600C56594 /* Resources */,
			);
			buildRules = (
			);
			dependencies = (
				DE5B144329FE5C4600C56594 /* PBXTargetDependency */,
			);
			name = "Bama-ChallangeUITests";
			productName = "Bama-ChallangeUITests";
			productReference = DE5B144129FE5C4600C56594 /* Bama-ChallangeUITests.xctest */;
			productType = "com.apple.product-type.bundle.ui-testing";
		};
/* End PBXNativeTarget section */

/* Begin PBXProject section */
		DE5B141929FE5C4500C56594 /* Project object */ = {
			isa = PBXProject;
			attributes = {
				BuildIndependentTargetsInParallel = 1;
				LastSwiftUpdateCheck = 1430;
				LastUpgradeCheck = 1430;
				TargetAttributes = {
					DE5B142029FE5C4500C56594 = {
						CreatedOnToolsVersion = 14.3;
					};
					DE5B143629FE5C4600C56594 = {
						CreatedOnToolsVersion = 14.3;
						TestTargetID = DE5B142029FE5C4500C56594;
					};
					DE5B144029FE5C4600C56594 = {
						CreatedOnToolsVersion = 14.3;
						TestTargetID = DE5B142029FE5C4500C56594;
					};
				};
			};
			buildConfigurationList = DE5B141C29FE5C4500C56594 /* Build configuration list for PBXProject "Bama-Challange" */;
			compatibilityVersion = "Xcode 14.0";
			developmentRegion = en;
			hasScannedForEncodings = 0;
			knownRegions = (
				en,
				Base,
			);
			mainGroup = DE5B141829FE5C4500C56594;
			packageReferences = (
				DE8FAE2829FEA331009D0469 /* XCRemoteSwiftPackageReference "swift-dependencies" */,
			);
			productRefGroup = DE5B142229FE5C4500C56594 /* Products */;
			projectDirPath = "";
			projectRoot = "";
			targets = (
				DE5B142029FE5C4500C56594 /* Bama-Challange */,
				DE5B143629FE5C4600C56594 /* Bama-ChallangeTests */,
				DE5B144029FE5C4600C56594 /* Bama-ChallangeUITests */,
			);
		};
/* End PBXProject section */

/* Begin PBXResourcesBuildPhase section */
		DE5B141F29FE5C4500C56594 /* Resources */ = {
			isa = PBXResourcesBuildPhase;
			buildActionMask = 2147483647;
			files = (
				DE5B143229FE5C4600C56594 /* Preview Assets.xcassets in Resources */,
				DE5B142E29FE5C4600C56594 /* Assets.xcassets in Resources */,
			);
			runOnlyForDeploymentPostprocessing = 0;
		};
		DE5B143529FE5C4600C56594 /* Resources */ = {
			isa = PBXResourcesBuildPhase;
			buildActionMask = 2147483647;
			files = (
			);
			runOnlyForDeploymentPostprocessing = 0;
		};
		DE5B143F29FE5C4600C56594 /* Resources */ = {
			isa = PBXResourcesBuildPhase;
			buildActionMask = 2147483647;
			files = (
			);
			runOnlyForDeploymentPostprocessing = 0;
		};
/* End PBXResourcesBuildPhase section */

/* Begin PBXSourcesBuildPhase section */
		DE5B141D29FE5C4500C56594 /* Sources */ = {
			isa = PBXSourcesBuildPhase;
			buildActionMask = 2147483647;
			files = (
				DE8FAE3C29FEAAA7009D0469 /* StatusCode.swift in Sources */,
				DE5B142529FE5C4500C56594 /* Bama_ChallangeApp.swift in Sources */,
				DE87366D2A017D0000FDA29F /* GeoEntity.swift in Sources */,
				DE09636D29FEF37F00716928 /* PersistenceController++PersistPostsServiceProtocol.swift in Sources */,
				DE09636229FEEEF100716928 /* DAO.swift in Sources */,
				DEE1D31329FFB7F200B4BBC7 /* PostDetailPageView.swift in Sources */,
				DE2F70B82A00128600F4F263 /* BodyTextModifier.swift in Sources */,
				DE5B142729FE5C4500C56594 /* Persistence.swift in Sources */,
				DE09636029FEEE0D00716928 /* PersistenceController++FetchPostsServiceProtocol.swift in Sources */,
				DE09635D29FEED1600716928 /* FetchPostsServiceProtocol.swift in Sources */,
				DE09636B29FEF36B00716928 /* PersistPostsServiceProtocol.swift in Sources */,
				DE09635A29FEECAA00716928 /* NetworkServices++FetchPostsServiceProtocol.swift in Sources */,
				DE8FAE2729FEA0FC009D0469 /* FetchPostsUseCase.swift in Sources */,
				DE5B142A29FE5C4500C56594 /* Bama_Challange.xcdatamodeld in Sources */,
				DE8736672A017C0900FDA29F /* FetchUserListService.swift in Sources */,
				DEEE95C129FE69C40061177C /* TabPage.swift in Sources */,
				DE2F70BD2A00142700F4F263 /* MessageQueue.swift in Sources */,
				DE8FAE2C29FEA45A009D0469 /* PostListItem.swift in Sources */,
				DE8FAE3F29FEAAA7009D0469 /* HTTPMethod.swift in Sources */,
				DE8FAE4129FEAAA7009D0469 /* NetworkError.swift in Sources */,
				DEE1D31129FFB7EB00B4BBC7 /* PostDetailPageViewModel.swift in Sources */,
				DE87366B2A017CE100FDA29F /* AddressEntity.swift in Sources */,
				DE8FAE3D29FEAAA7009D0469 /* GateWays.swift in Sources */,
				DE09636529FEF23900716928 /* ListItem+CoreDataClass.swift in Sources */,
				DE87366F2A017D1500FDA29F /* CompanyEntity.swift in Sources */,
				DE8736692A017CB900FDA29F /* UserModel.swift in Sources */,
				DE09636629FEF23900716928 /* ListItem+CoreDataProperties.swift in Sources */,
				DE8FAE4329FEAC34009D0469 /* FetchPostsRepository.swift in Sources */,
				DE2F70B42A0011D800F4F263 /* OpacityAnimationModifier.swift in Sources */,
				DE09635829FEEC6400716928 /* URLSession++APITask.swift in Sources */,
				DE2F70B22A00116B00F4F263 /* RoundedBorderModifier.swift in Sources */,
				DE8FAE2529FE9F45009D0469 /* TapPostItemUseCase.swift in Sources */,
				DE8FAE4029FEAAA7009D0469 /* API.swift in Sources */,
				DE8FAE3029FEA715009D0469 /* NavigationService.swift in Sources */,
				DE1E418D29FE9ADA0057C4C3 /* PostListPageView.swift in Sources */,
				DE1E418B29FE9ACF0057C4C3 /* PostListPageViewModel.swift in Sources */,
				DE2F70BF2A00149400F4F263 /* PersistPostIDService.swift in Sources */,
				DE09635629FEEBE200716928 /* User+CoreDataProperties.swift in Sources */,
				DE8FAE3329FEAA95009D0469 /* NetworkServices.swift in Sources */,
				DE09636929FEF2E800716928 /* PostListItemDAO.swift in Sources */,
				DE2F70B62A00124B00F4F263 /* TitleTextModifier.swift in Sources */,
				DE2F70C12A0014FA00F4F263 /* MessageQueue++PersistPostIDServiceProtocol.swift in Sources */,
				DE1E419029FE9B930057C4C3 /* PostView.swift in Sources */,
				DE09635429FEEBE200716928 /* User+CoreDataClass.swift in Sources */,
				DE2F70AF2A0010FF00F4F263 /* TitleValueFormRow.swift in Sources */,
			);
			runOnlyForDeploymentPostprocessing = 0;
		};
		DE5B143329FE5C4600C56594 /* Sources */ = {
			isa = PBXSourcesBuildPhase;
			buildActionMask = 2147483647;
			files = (
				DE5B143C29FE5C4600C56594 /* Bama_ChallangeTests.swift in Sources */,
			);
			runOnlyForDeploymentPostprocessing = 0;
		};
		DE5B143D29FE5C4600C56594 /* Sources */ = {
			isa = PBXSourcesBuildPhase;
			buildActionMask = 2147483647;
			files = (
				DE5B144629FE5C4600C56594 /* Bama_ChallangeUITests.swift in Sources */,
				DE5B144829FE5C4600C56594 /* Bama_ChallangeUITestsLaunchTests.swift in Sources */,
			);
			runOnlyForDeploymentPostprocessing = 0;
		};
/* End PBXSourcesBuildPhase section */

/* Begin PBXTargetDependency section */
		DE5B143929FE5C4600C56594 /* PBXTargetDependency */ = {
			isa = PBXTargetDependency;
			target = DE5B142029FE5C4500C56594 /* Bama-Challange */;
			targetProxy = DE5B143829FE5C4600C56594 /* PBXContainerItemProxy */;
		};
		DE5B144329FE5C4600C56594 /* PBXTargetDependency */ = {
			isa = PBXTargetDependency;
			target = DE5B142029FE5C4500C56594 /* Bama-Challange */;
			targetProxy = DE5B144229FE5C4600C56594 /* PBXContainerItemProxy */;
		};
/* End PBXTargetDependency section */

/* Begin XCBuildConfiguration section */
		DE5B144929FE5C4600C56594 /* Debug */ = {
			isa = XCBuildConfiguration;
			buildSettings = {
				ALWAYS_SEARCH_USER_PATHS = NO;
				CLANG_ANALYZER_NONNULL = YES;
				CLANG_ANALYZER_NUMBER_OBJECT_CONVERSION = YES_AGGRESSIVE;
				CLANG_CXX_LANGUAGE_STANDARD = "gnu++20";
				CLANG_ENABLE_MODULES = YES;
				CLANG_ENABLE_OBJC_ARC = YES;
				CLANG_ENABLE_OBJC_WEAK = YES;
				CLANG_WARN_BLOCK_CAPTURE_AUTORELEASING = YES;
				CLANG_WARN_BOOL_CONVERSION = YES;
				CLANG_WARN_COMMA = YES;
				CLANG_WARN_CONSTANT_CONVERSION = YES;
				CLANG_WARN_DEPRECATED_OBJC_IMPLEMENTATIONS = YES;
				CLANG_WARN_DIRECT_OBJC_ISA_USAGE = YES_ERROR;
				CLANG_WARN_DOCUMENTATION_COMMENTS = YES;
				CLANG_WARN_EMPTY_BODY = YES;
				CLANG_WARN_ENUM_CONVERSION = YES;
				CLANG_WARN_INFINITE_RECURSION = YES;
				CLANG_WARN_INT_CONVERSION = YES;
				CLANG_WARN_NON_LITERAL_NULL_CONVERSION = YES;
				CLANG_WARN_OBJC_IMPLICIT_RETAIN_SELF = YES;
				CLANG_WARN_OBJC_LITERAL_CONVERSION = YES;
				CLANG_WARN_OBJC_ROOT_CLASS = YES_ERROR;
				CLANG_WARN_QUOTED_INCLUDE_IN_FRAMEWORK_HEADER = YES;
				CLANG_WARN_RANGE_LOOP_ANALYSIS = YES;
				CLANG_WARN_STRICT_PROTOTYPES = YES;
				CLANG_WARN_SUSPICIOUS_MOVE = YES;
				CLANG_WARN_UNGUARDED_AVAILABILITY = YES_AGGRESSIVE;
				CLANG_WARN_UNREACHABLE_CODE = YES;
				CLANG_WARN__DUPLICATE_METHOD_MATCH = YES;
				COPY_PHASE_STRIP = NO;
				DEBUG_INFORMATION_FORMAT = dwarf;
				ENABLE_STRICT_OBJC_MSGSEND = YES;
				ENABLE_TESTABILITY = YES;
				GCC_C_LANGUAGE_STANDARD = gnu11;
				GCC_DYNAMIC_NO_PIC = NO;
				GCC_NO_COMMON_BLOCKS = YES;
				GCC_OPTIMIZATION_LEVEL = 0;
				GCC_PREPROCESSOR_DEFINITIONS = (
					"DEBUG=1",
					"$(inherited)",
				);
				GCC_WARN_64_TO_32_BIT_CONVERSION = YES;
				GCC_WARN_ABOUT_RETURN_TYPE = YES_ERROR;
				GCC_WARN_UNDECLARED_SELECTOR = YES;
				GCC_WARN_UNINITIALIZED_AUTOS = YES_AGGRESSIVE;
				GCC_WARN_UNUSED_FUNCTION = YES;
				GCC_WARN_UNUSED_VARIABLE = YES;
				MTL_ENABLE_DEBUG_INFO = INCLUDE_SOURCE;
				MTL_FAST_MATH = YES;
				ONLY_ACTIVE_ARCH = YES;
				SWIFT_ACTIVE_COMPILATION_CONDITIONS = DEBUG;
				SWIFT_OPTIMIZATION_LEVEL = "-Onone";
			};
			name = Debug;
		};
		DE5B144A29FE5C4600C56594 /* Release */ = {
			isa = XCBuildConfiguration;
			buildSettings = {
				ALWAYS_SEARCH_USER_PATHS = NO;
				CLANG_ANALYZER_NONNULL = YES;
				CLANG_ANALYZER_NUMBER_OBJECT_CONVERSION = YES_AGGRESSIVE;
				CLANG_CXX_LANGUAGE_STANDARD = "gnu++20";
				CLANG_ENABLE_MODULES = YES;
				CLANG_ENABLE_OBJC_ARC = YES;
				CLANG_ENABLE_OBJC_WEAK = YES;
				CLANG_WARN_BLOCK_CAPTURE_AUTORELEASING = YES;
				CLANG_WARN_BOOL_CONVERSION = YES;
				CLANG_WARN_COMMA = YES;
				CLANG_WARN_CONSTANT_CONVERSION = YES;
				CLANG_WARN_DEPRECATED_OBJC_IMPLEMENTATIONS = YES;
				CLANG_WARN_DIRECT_OBJC_ISA_USAGE = YES_ERROR;
				CLANG_WARN_DOCUMENTATION_COMMENTS = YES;
				CLANG_WARN_EMPTY_BODY = YES;
				CLANG_WARN_ENUM_CONVERSION = YES;
				CLANG_WARN_INFINITE_RECURSION = YES;
				CLANG_WARN_INT_CONVERSION = YES;
				CLANG_WARN_NON_LITERAL_NULL_CONVERSION = YES;
				CLANG_WARN_OBJC_IMPLICIT_RETAIN_SELF = YES;
				CLANG_WARN_OBJC_LITERAL_CONVERSION = YES;
				CLANG_WARN_OBJC_ROOT_CLASS = YES_ERROR;
				CLANG_WARN_QUOTED_INCLUDE_IN_FRAMEWORK_HEADER = YES;
				CLANG_WARN_RANGE_LOOP_ANALYSIS = YES;
				CLANG_WARN_STRICT_PROTOTYPES = YES;
				CLANG_WARN_SUSPICIOUS_MOVE = YES;
				CLANG_WARN_UNGUARDED_AVAILABILITY = YES_AGGRESSIVE;
				CLANG_WARN_UNREACHABLE_CODE = YES;
				CLANG_WARN__DUPLICATE_METHOD_MATCH = YES;
				COPY_PHASE_STRIP = NO;
				DEBUG_INFORMATION_FORMAT = "dwarf-with-dsym";
				ENABLE_NS_ASSERTIONS = NO;
				ENABLE_STRICT_OBJC_MSGSEND = YES;
				GCC_C_LANGUAGE_STANDARD = gnu11;
				GCC_NO_COMMON_BLOCKS = YES;
				GCC_WARN_64_TO_32_BIT_CONVERSION = YES;
				GCC_WARN_ABOUT_RETURN_TYPE = YES_ERROR;
				GCC_WARN_UNDECLARED_SELECTOR = YES;
				GCC_WARN_UNINITIALIZED_AUTOS = YES_AGGRESSIVE;
				GCC_WARN_UNUSED_FUNCTION = YES;
				GCC_WARN_UNUSED_VARIABLE = YES;
				MTL_ENABLE_DEBUG_INFO = NO;
				MTL_FAST_MATH = YES;
				SWIFT_COMPILATION_MODE = wholemodule;
				SWIFT_OPTIMIZATION_LEVEL = "-O";
			};
			name = Release;
		};
		DE5B144C29FE5C4600C56594 /* Debug */ = {
			isa = XCBuildConfiguration;
			buildSettings = {
				ASSETCATALOG_COMPILER_APPICON_NAME = AppIcon;
				ASSETCATALOG_COMPILER_GLOBAL_ACCENT_COLOR_NAME = AccentColor;
				CODE_SIGN_ENTITLEMENTS = "Bama-Challange/Bama_Challange.entitlements";
				CODE_SIGN_IDENTITY = "Apple Development";
				CODE_SIGN_STYLE = Automatic;
				CURRENT_PROJECT_VERSION = 1;
				DEVELOPMENT_ASSET_PATHS = "\"Bama-Challange/Preview Content\"";
				DEVELOPMENT_TEAM = 88P363PJC9;
				ENABLE_HARDENED_RUNTIME = YES;
				ENABLE_PREVIEWS = YES;
				GENERATE_INFOPLIST_FILE = YES;
				"INFOPLIST_KEY_UIApplicationSceneManifest_Generation[sdk=iphoneos*]" = YES;
				"INFOPLIST_KEY_UIApplicationSceneManifest_Generation[sdk=iphonesimulator*]" = YES;
				"INFOPLIST_KEY_UIApplicationSupportsIndirectInputEvents[sdk=iphoneos*]" = YES;
				"INFOPLIST_KEY_UIApplicationSupportsIndirectInputEvents[sdk=iphonesimulator*]" = YES;
				"INFOPLIST_KEY_UILaunchScreen_Generation[sdk=iphoneos*]" = YES;
				"INFOPLIST_KEY_UILaunchScreen_Generation[sdk=iphonesimulator*]" = YES;
				"INFOPLIST_KEY_UIStatusBarStyle[sdk=iphoneos*]" = UIStatusBarStyleDefault;
				"INFOPLIST_KEY_UIStatusBarStyle[sdk=iphonesimulator*]" = UIStatusBarStyleDefault;
				INFOPLIST_KEY_UISupportedInterfaceOrientations_iPad = "UIInterfaceOrientationPortrait UIInterfaceOrientationPortraitUpsideDown UIInterfaceOrientationLandscapeLeft UIInterfaceOrientationLandscapeRight";
				INFOPLIST_KEY_UISupportedInterfaceOrientations_iPhone = "UIInterfaceOrientationPortrait UIInterfaceOrientationLandscapeLeft UIInterfaceOrientationLandscapeRight";
				IPHONEOS_DEPLOYMENT_TARGET = 16.0;
				LD_RUNPATH_SEARCH_PATHS = "@executable_path/Frameworks";
				"LD_RUNPATH_SEARCH_PATHS[sdk=macosx*]" = "@executable_path/../Frameworks";
				MACOSX_DEPLOYMENT_TARGET = 13.3;
				MARKETING_VERSION = 1.0;
				PRODUCT_BUNDLE_IDENTIFIER = com.bama.challange;
				PRODUCT_NAME = "$(TARGET_NAME)";
				PROVISIONING_PROFILE_SPECIFIER = "";
				SDKROOT = auto;
				SUPPORTED_PLATFORMS = "iphoneos iphonesimulator";
				SUPPORTS_MACCATALYST = NO;
				SUPPORTS_MAC_DESIGNED_FOR_IPHONE_IPAD = NO;
				SWIFT_EMIT_LOC_STRINGS = YES;
				SWIFT_VERSION = 5.0;
				TARGETED_DEVICE_FAMILY = "1,2";
			};
			name = Debug;
		};
		DE5B144D29FE5C4600C56594 /* Release */ = {
			isa = XCBuildConfiguration;
			buildSettings = {
				ASSETCATALOG_COMPILER_APPICON_NAME = AppIcon;
				ASSETCATALOG_COMPILER_GLOBAL_ACCENT_COLOR_NAME = AccentColor;
				CODE_SIGN_ENTITLEMENTS = "Bama-Challange/Bama_Challange.entitlements";
				CODE_SIGN_IDENTITY = "Apple Development";
				CODE_SIGN_STYLE = Automatic;
				CURRENT_PROJECT_VERSION = 1;
				DEVELOPMENT_ASSET_PATHS = "\"Bama-Challange/Preview Content\"";
				DEVELOPMENT_TEAM = 88P363PJC9;
				ENABLE_HARDENED_RUNTIME = YES;
				ENABLE_PREVIEWS = YES;
				GENERATE_INFOPLIST_FILE = YES;
				"INFOPLIST_KEY_UIApplicationSceneManifest_Generation[sdk=iphoneos*]" = YES;
				"INFOPLIST_KEY_UIApplicationSceneManifest_Generation[sdk=iphonesimulator*]" = YES;
				"INFOPLIST_KEY_UIApplicationSupportsIndirectInputEvents[sdk=iphoneos*]" = YES;
				"INFOPLIST_KEY_UIApplicationSupportsIndirectInputEvents[sdk=iphonesimulator*]" = YES;
				"INFOPLIST_KEY_UILaunchScreen_Generation[sdk=iphoneos*]" = YES;
				"INFOPLIST_KEY_UILaunchScreen_Generation[sdk=iphonesimulator*]" = YES;
				"INFOPLIST_KEY_UIStatusBarStyle[sdk=iphoneos*]" = UIStatusBarStyleDefault;
				"INFOPLIST_KEY_UIStatusBarStyle[sdk=iphonesimulator*]" = UIStatusBarStyleDefault;
				INFOPLIST_KEY_UISupportedInterfaceOrientations_iPad = "UIInterfaceOrientationPortrait UIInterfaceOrientationPortraitUpsideDown UIInterfaceOrientationLandscapeLeft UIInterfaceOrientationLandscapeRight";
				INFOPLIST_KEY_UISupportedInterfaceOrientations_iPhone = "UIInterfaceOrientationPortrait UIInterfaceOrientationLandscapeLeft UIInterfaceOrientationLandscapeRight";
				IPHONEOS_DEPLOYMENT_TARGET = 16.0;
				LD_RUNPATH_SEARCH_PATHS = "@executable_path/Frameworks";
				"LD_RUNPATH_SEARCH_PATHS[sdk=macosx*]" = "@executable_path/../Frameworks";
				MACOSX_DEPLOYMENT_TARGET = 13.3;
				MARKETING_VERSION = 1.0;
				PRODUCT_BUNDLE_IDENTIFIER = com.bama.challange;
				PRODUCT_NAME = "$(TARGET_NAME)";
				PROVISIONING_PROFILE_SPECIFIER = "";
				SDKROOT = auto;
				SUPPORTED_PLATFORMS = "iphoneos iphonesimulator";
				SUPPORTS_MACCATALYST = NO;
				SUPPORTS_MAC_DESIGNED_FOR_IPHONE_IPAD = NO;
				SWIFT_EMIT_LOC_STRINGS = YES;
				SWIFT_VERSION = 5.0;
				TARGETED_DEVICE_FAMILY = "1,2";
			};
			name = Release;
		};
		DE5B144F29FE5C4600C56594 /* Debug */ = {
			isa = XCBuildConfiguration;
			buildSettings = {
				ALWAYS_EMBED_SWIFT_STANDARD_LIBRARIES = YES;
				BUNDLE_LOADER = "$(TEST_HOST)";
				CODE_SIGN_STYLE = Automatic;
				CURRENT_PROJECT_VERSION = 1;
				DEVELOPMENT_TEAM = 88P363PJC9;
				GENERATE_INFOPLIST_FILE = YES;
				IPHONEOS_DEPLOYMENT_TARGET = 16.4;
				MACOSX_DEPLOYMENT_TARGET = 13.3;
				MARKETING_VERSION = 1.0;
				PRODUCT_BUNDLE_IDENTIFIER = "kiarash.vosough.com.Bama-ChallangeTests";
				PRODUCT_NAME = "$(TARGET_NAME)";
				SDKROOT = auto;
				SUPPORTED_PLATFORMS = "iphoneos iphonesimulator macosx";
				SWIFT_EMIT_LOC_STRINGS = NO;
				SWIFT_VERSION = 5.0;
				TARGETED_DEVICE_FAMILY = "1,2";
				TEST_HOST = "$(BUILT_PRODUCTS_DIR)/Bama-Challange.app/$(BUNDLE_EXECUTABLE_FOLDER_PATH)/Bama-Challange";
			};
			name = Debug;
		};
		DE5B145029FE5C4600C56594 /* Release */ = {
			isa = XCBuildConfiguration;
			buildSettings = {
				ALWAYS_EMBED_SWIFT_STANDARD_LIBRARIES = YES;
				BUNDLE_LOADER = "$(TEST_HOST)";
				CODE_SIGN_STYLE = Automatic;
				CURRENT_PROJECT_VERSION = 1;
				DEVELOPMENT_TEAM = 88P363PJC9;
				GENERATE_INFOPLIST_FILE = YES;
				IPHONEOS_DEPLOYMENT_TARGET = 16.4;
				MACOSX_DEPLOYMENT_TARGET = 13.3;
				MARKETING_VERSION = 1.0;
				PRODUCT_BUNDLE_IDENTIFIER = "kiarash.vosough.com.Bama-ChallangeTests";
				PRODUCT_NAME = "$(TARGET_NAME)";
				SDKROOT = auto;
				SUPPORTED_PLATFORMS = "iphoneos iphonesimulator macosx";
				SWIFT_EMIT_LOC_STRINGS = NO;
				SWIFT_VERSION = 5.0;
				TARGETED_DEVICE_FAMILY = "1,2";
				TEST_HOST = "$(BUILT_PRODUCTS_DIR)/Bama-Challange.app/$(BUNDLE_EXECUTABLE_FOLDER_PATH)/Bama-Challange";
			};
			name = Release;
		};
		DE5B145229FE5C4600C56594 /* Debug */ = {
			isa = XCBuildConfiguration;
			buildSettings = {
				ALWAYS_EMBED_SWIFT_STANDARD_LIBRARIES = YES;
				CODE_SIGN_STYLE = Automatic;
				CURRENT_PROJECT_VERSION = 1;
				DEVELOPMENT_TEAM = 88P363PJC9;
				GENERATE_INFOPLIST_FILE = YES;
				IPHONEOS_DEPLOYMENT_TARGET = 16.4;
				MACOSX_DEPLOYMENT_TARGET = 13.3;
				MARKETING_VERSION = 1.0;
				PRODUCT_BUNDLE_IDENTIFIER = "kiarash.vosough.com.Bama-ChallangeUITests";
				PRODUCT_NAME = "$(TARGET_NAME)";
				SDKROOT = auto;
				SUPPORTED_PLATFORMS = "iphoneos iphonesimulator macosx";
				SWIFT_EMIT_LOC_STRINGS = NO;
				SWIFT_VERSION = 5.0;
				TARGETED_DEVICE_FAMILY = "1,2";
				TEST_TARGET_NAME = "Bama-Challange";
			};
			name = Debug;
		};
		DE5B145329FE5C4600C56594 /* Release */ = {
			isa = XCBuildConfiguration;
			buildSettings = {
				ALWAYS_EMBED_SWIFT_STANDARD_LIBRARIES = YES;
				CODE_SIGN_STYLE = Automatic;
				CURRENT_PROJECT_VERSION = 1;
				DEVELOPMENT_TEAM = 88P363PJC9;
				GENERATE_INFOPLIST_FILE = YES;
				IPHONEOS_DEPLOYMENT_TARGET = 16.4;
				MACOSX_DEPLOYMENT_TARGET = 13.3;
				MARKETING_VERSION = 1.0;
				PRODUCT_BUNDLE_IDENTIFIER = "kiarash.vosough.com.Bama-ChallangeUITests";
				PRODUCT_NAME = "$(TARGET_NAME)";
				SDKROOT = auto;
				SUPPORTED_PLATFORMS = "iphoneos iphonesimulator macosx";
				SWIFT_EMIT_LOC_STRINGS = NO;
				SWIFT_VERSION = 5.0;
				TARGETED_DEVICE_FAMILY = "1,2";
				TEST_TARGET_NAME = "Bama-Challange";
			};
			name = Release;
		};
/* End XCBuildConfiguration section */

/* Begin XCConfigurationList section */
		DE5B141C29FE5C4500C56594 /* Build configuration list for PBXProject "Bama-Challange" */ = {
			isa = XCConfigurationList;
			buildConfigurations = (
				DE5B144929FE5C4600C56594 /* Debug */,
				DE5B144A29FE5C4600C56594 /* Release */,
			);
			defaultConfigurationIsVisible = 0;
			defaultConfigurationName = Release;
		};
		DE5B144B29FE5C4600C56594 /* Build configuration list for PBXNativeTarget "Bama-Challange" */ = {
			isa = XCConfigurationList;
			buildConfigurations = (
				DE5B144C29FE5C4600C56594 /* Debug */,
				DE5B144D29FE5C4600C56594 /* Release */,
			);
			defaultConfigurationIsVisible = 0;
			defaultConfigurationName = Release;
		};
		DE5B144E29FE5C4600C56594 /* Build configuration list for PBXNativeTarget "Bama-ChallangeTests" */ = {
			isa = XCConfigurationList;
			buildConfigurations = (
				DE5B144F29FE5C4600C56594 /* Debug */,
				DE5B145029FE5C4600C56594 /* Release */,
			);
			defaultConfigurationIsVisible = 0;
			defaultConfigurationName = Release;
		};
		DE5B145129FE5C4600C56594 /* Build configuration list for PBXNativeTarget "Bama-ChallangeUITests" */ = {
			isa = XCConfigurationList;
			buildConfigurations = (
				DE5B145229FE5C4600C56594 /* Debug */,
				DE5B145329FE5C4600C56594 /* Release */,
			);
			defaultConfigurationIsVisible = 0;
			defaultConfigurationName = Release;
		};
/* End XCConfigurationList section */

/* Begin XCRemoteSwiftPackageReference section */
		DE8FAE2829FEA331009D0469 /* XCRemoteSwiftPackageReference "swift-dependencies" */ = {
			isa = XCRemoteSwiftPackageReference;
			repositoryURL = "https://github.com/pointfreeco/swift-dependencies";
			requirement = {
				kind = upToNextMajorVersion;
				minimumVersion = 0.4.1;
			};
		};
/* End XCRemoteSwiftPackageReference section */

/* Begin XCSwiftPackageProductDependency section */
		DE8FAE2929FEA331009D0469 /* Dependencies */ = {
			isa = XCSwiftPackageProductDependency;
			package = DE8FAE2829FEA331009D0469 /* XCRemoteSwiftPackageReference "swift-dependencies" */;
			productName = Dependencies;
		};
/* End XCSwiftPackageProductDependency section */

/* Begin XCVersionGroup section */
		DE5B142829FE5C4500C56594 /* Bama_Challange.xcdatamodeld */ = {
			isa = XCVersionGroup;
			children = (
				DE5B142929FE5C4500C56594 /* Bama_Challange.xcdatamodel */,
			);
			currentVersion = DE5B142929FE5C4500C56594 /* Bama_Challange.xcdatamodel */;
			path = Bama_Challange.xcdatamodeld;
			sourceTree = "<group>";
			versionGroupType = wrapper.xcdatamodel;
		};
/* End XCVersionGroup section */
	};
	rootObject = DE5B141929FE5C4500C56594 /* Project object */;
}
